github.com/riete/convert v0.0.3 h1:r++Tg1GWn5qZBXviuqOLOWMWr4+DE5eBzteYjM9nPRI=
github.com/riete/convert v0.0.3/go.mod h1:LcZ3E8d1e5b4pjJY69nA2sM6e+Vkmm4MaVoJYdO8W68=
github.com/riete/convert v0.0.4 h1:GDYWJD8V82MF573lfeXhLqgm2tbpteqozaBov/1/wAg=
github.com/riete/convert v0.0.4/go.mod h1:mmF4GZRC9W/PWLcE9wwZ9yaiXlmgi4IHpbb5MxzKouY=
github.com/riete/convert v0.0.4 h1:GDYWJD8V82MF573lfeXhLqgm2tbpteqozaBov/1/wAg=
github.com/riete/convert v0.0.4/go.mod h1:mmF4GZRC9W/PWLcE9wwZ9yaiXlmgi4IHpbb5MxzKouY=
